// !$*UTF8*$!
{
	archiveVersion = 1;
	classes = {
	};
	objectVersion = 56;
	objects = {

/* Begin PBXBuildFile section */
		D45E61062C6519AC00AC2883 /* Currency_ConverterApp.swift in Sources */ = {isa = PBXBuildFile; fileRef = D45E61052C6519AC00AC2883 /* Currency_ConverterApp.swift */; };
		D45E610C2C6519AE00AC2883 /* Assets.xcassets in Resources */ = {isa = PBXBuildFile; fileRef = D45E610B2C6519AE00AC2883 /* Assets.xcassets */; };
		D45E610F2C6519AE00AC2883 /* Preview Assets.xcassets in Resources */ = {isa = PBXBuildFile; fileRef = D45E610E2C6519AE00AC2883 /* Preview Assets.xcassets */; };
		D45E61192C6519AF00AC2883 /* Currency_ConverterTests.swift in Sources */ = {isa = PBXBuildFile; fileRef = D45E61182C6519AF00AC2883 /* Currency_ConverterTests.swift */; };
		D46ABF4B2C651AED00E025E7 /* MainTabView.swift in Sources */ = {isa = PBXBuildFile; fileRef = D46ABF4A2C651AED00E025E7 /* MainTabView.swift */; };
		D46ABF512C651EC500E025E7 /* CurrencyConverterVM.swift in Sources */ = {isa = PBXBuildFile; fileRef = D46ABF502C651EC500E025E7 /* CurrencyConverterVM.swift */; };
		D46ABF532C6532EE00E025E7 /* ConverterScreenView.swift in Sources */ = {isa = PBXBuildFile; fileRef = D46ABF522C6532EE00E025E7 /* ConverterScreenView.swift */; };
		D46ABF562C654CC300E025E7 /* AmountField.swift in Sources */ = {isa = PBXBuildFile; fileRef = D46ABF552C654CC300E025E7 /* AmountField.swift */; };
		D46ABF582C654D0100E025E7 /* CoinPicker.swift in Sources */ = {isa = PBXBuildFile; fileRef = D46ABF572C654D0100E025E7 /* CoinPicker.swift */; };
		D46ABF5A2C654D9500E025E7 /* CoinLabel.swift in Sources */ = {isa = PBXBuildFile; fileRef = D46ABF592C654D9500E025E7 /* CoinLabel.swift */; };
		D46ABF5D2C654E4A00E025E7 /* CoinCode.swift in Sources */ = {isa = PBXBuildFile; fileRef = D46ABF5C2C654E4A00E025E7 /* CoinCode.swift */; };
		D46ABF632C655C3C00E025E7 /* FrankfurterService.swift in Sources */ = {isa = PBXBuildFile; fileRef = D46ABF622C655C3C00E025E7 /* FrankfurterService.swift */; };
		D46ABF662C655C6D00E025E7 /* NetworkError.swift in Sources */ = {isa = PBXBuildFile; fileRef = D46ABF652C655C6D00E025E7 /* NetworkError.swift */; };
		D46ABF682C655D5100E025E7 /* FrankfurterResponse.swift in Sources */ = {isa = PBXBuildFile; fileRef = D46ABF672C655D5100E025E7 /* FrankfurterResponse.swift */; };
		D46ABF6A2C655E0500E025E7 /* RatesScreenView.swift in Sources */ = {isa = PBXBuildFile; fileRef = D46ABF692C655E0500E025E7 /* RatesScreenView.swift */; };
		D46ABF6F2C6579A300E025E7 /* ApiConstants.swift in Sources */ = {isa = PBXBuildFile; fileRef = D46ABF6E2C6579A300E025E7 /* ApiConstants.swift */; };
		D46ABF752C658BDE00E025E7 /* MainCoinView.swift in Sources */ = {isa = PBXBuildFile; fileRef = D46ABF742C658BDE00E025E7 /* MainCoinView.swift */; };
		D46ABF772C658C1300E025E7 /* SecundaryCoinView.swift in Sources */ = {isa = PBXBuildFile; fileRef = D46ABF762C658C1300E025E7 /* SecundaryCoinView.swift */; };
		D46ABF792C658C4B00E025E7 /* LoaderButton.swift in Sources */ = {isa = PBXBuildFile; fileRef = D46ABF782C658C4B00E025E7 /* LoaderButton.swift */; };
		D46ABF7C2C6607C400E025E7 /* ViewCoordinator.swift in Sources */ = {isa = PBXBuildFile; fileRef = D46ABF7B2C6607C400E025E7 /* ViewCoordinator.swift */; };
		D46ABF7E2C66081400E025E7 /* SplashScreenView.swift in Sources */ = {isa = PBXBuildFile; fileRef = D46ABF7D2C66081400E025E7 /* SplashScreenView.swift */; };
		D46ABF802C6615E800E025E7 /* Transaction.swift in Sources */ = {isa = PBXBuildFile; fileRef = D46ABF7F2C6615E800E025E7 /* Transaction.swift */; };
		D4EE39942C6A5D8A004D13E5 /* ActivityIndicatorView.swift in Sources */ = {isa = PBXBuildFile; fileRef = D4EE39932C6A5D8A004D13E5 /* ActivityIndicatorView.swift */; };
/* End PBXBuildFile section */

/* Begin PBXContainerItemProxy section */
		D45E61152C6519AF00AC2883 /* PBXContainerItemProxy */ = {
			isa = PBXContainerItemProxy;
			containerPortal = D45E60FA2C6519AC00AC2883 /* Project object */;
			proxyType = 1;
			remoteGlobalIDString = D45E61012C6519AC00AC2883;
			remoteInfo = "Currency Converter";
		};
		D45E611F2C6519AF00AC2883 /* PBXContainerItemProxy */ = {
			isa = PBXContainerItemProxy;
			containerPortal = D45E60FA2C6519AC00AC2883 /* Project object */;
			proxyType = 1;
			remoteGlobalIDString = D45E61012C6519AC00AC2883;
			remoteInfo = "Currency Converter";
		};
/* End PBXContainerItemProxy section */

/* Begin PBXFileReference section */
		D45E61022C6519AC00AC2883 /* Currency Converter.app */ = {isa = PBXFileReference; explicitFileType = wrapper.application; includeInIndex = 0; path = "Currency Converter.app"; sourceTree = BUILT_PRODUCTS_DIR; };
		D45E61052C6519AC00AC2883 /* Currency_ConverterApp.swift */ = {isa = PBXFileReference; lastKnownFileType = sourcecode.swift; path = Currency_ConverterApp.swift; sourceTree = "<group>"; };
		D45E610B2C6519AE00AC2883 /* Assets.xcassets */ = {isa = PBXFileReference; lastKnownFileType = folder.assetcatalog; path = Assets.xcassets; sourceTree = "<group>"; };
		D45E610E2C6519AE00AC2883 /* Preview Assets.xcassets */ = {isa = PBXFileReference; lastKnownFileType = folder.assetcatalog; path = "Preview Assets.xcassets"; sourceTree = "<group>"; };
		D45E61142C6519AF00AC2883 /* Currency ConverterTests.xctest */ = {isa = PBXFileReference; explicitFileType = wrapper.cfbundle; includeInIndex = 0; path = "Currency ConverterTests.xctest"; sourceTree = BUILT_PRODUCTS_DIR; };
		D45E61182C6519AF00AC2883 /* Currency_ConverterTests.swift */ = {isa = PBXFileReference; lastKnownFileType = sourcecode.swift; path = Currency_ConverterTests.swift; sourceTree = "<group>"; };
		D45E611E2C6519AF00AC2883 /* Currency ConverterUITests.xctest */ = {isa = PBXFileReference; explicitFileType = wrapper.cfbundle; includeInIndex = 0; path = "Currency ConverterUITests.xctest"; sourceTree = BUILT_PRODUCTS_DIR; };
		D46ABF4A2C651AED00E025E7 /* MainTabView.swift */ = {isa = PBXFileReference; lastKnownFileType = sourcecode.swift; path = MainTabView.swift; sourceTree = "<group>"; };
		D46ABF502C651EC500E025E7 /* CurrencyConverterVM.swift */ = {isa = PBXFileReference; lastKnownFileType = sourcecode.swift; path = CurrencyConverterVM.swift; sourceTree = "<group>"; };
		D46ABF522C6532EE00E025E7 /* ConverterScreenView.swift */ = {isa = PBXFileReference; lastKnownFileType = sourcecode.swift; path = ConverterScreenView.swift; sourceTree = "<group>"; };
		D46ABF552C654CC300E025E7 /* AmountField.swift */ = {isa = PBXFileReference; lastKnownFileType = sourcecode.swift; path = AmountField.swift; sourceTree = "<group>"; };
		D46ABF572C654D0100E025E7 /* CoinPicker.swift */ = {isa = PBXFileReference; lastKnownFileType = sourcecode.swift; path = CoinPicker.swift; sourceTree = "<group>"; };
		D46ABF592C654D9500E025E7 /* CoinLabel.swift */ = {isa = PBXFileReference; lastKnownFileType = sourcecode.swift; path = CoinLabel.swift; sourceTree = "<group>"; };
		D46ABF5C2C654E4A00E025E7 /* CoinCode.swift */ = {isa = PBXFileReference; lastKnownFileType = sourcecode.swift; path = CoinCode.swift; sourceTree = "<group>"; };
		D46ABF622C655C3C00E025E7 /* FrankfurterService.swift */ = {isa = PBXFileReference; lastKnownFileType = sourcecode.swift; path = FrankfurterService.swift; sourceTree = "<group>"; };
		D46ABF652C655C6D00E025E7 /* NetworkError.swift */ = {isa = PBXFileReference; lastKnownFileType = sourcecode.swift; path = NetworkError.swift; sourceTree = "<group>"; };
		D46ABF672C655D5100E025E7 /* FrankfurterResponse.swift */ = {isa = PBXFileReference; lastKnownFileType = sourcecode.swift; path = FrankfurterResponse.swift; sourceTree = "<group>"; };
		D46ABF692C655E0500E025E7 /* RatesScreenView.swift */ = {isa = PBXFileReference; lastKnownFileType = sourcecode.swift; path = RatesScreenView.swift; sourceTree = "<group>"; };
		D46ABF6E2C6579A300E025E7 /* ApiConstants.swift */ = {isa = PBXFileReference; lastKnownFileType = sourcecode.swift; path = ApiConstants.swift; sourceTree = "<group>"; };
		D46ABF742C658BDE00E025E7 /* MainCoinView.swift */ = {isa = PBXFileReference; lastKnownFileType = sourcecode.swift; path = MainCoinView.swift; sourceTree = "<group>"; };
		D46ABF762C658C1300E025E7 /* SecundaryCoinView.swift */ = {isa = PBXFileReference; lastKnownFileType = sourcecode.swift; path = SecundaryCoinView.swift; sourceTree = "<group>"; };
		D46ABF782C658C4B00E025E7 /* LoaderButton.swift */ = {isa = PBXFileReference; lastKnownFileType = sourcecode.swift; path = LoaderButton.swift; sourceTree = "<group>"; };
		D46ABF7B2C6607C400E025E7 /* ViewCoordinator.swift */ = {isa = PBXFileReference; lastKnownFileType = sourcecode.swift; path = ViewCoordinator.swift; sourceTree = "<group>"; };
		D46ABF7D2C66081400E025E7 /* SplashScreenView.swift */ = {isa = PBXFileReference; lastKnownFileType = sourcecode.swift; path = SplashScreenView.swift; sourceTree = "<group>"; };
		D46ABF7F2C6615E800E025E7 /* Transaction.swift */ = {isa = PBXFileReference; lastKnownFileType = sourcecode.swift; path = Transaction.swift; sourceTree = "<group>"; };
		D4EE39932C6A5D8A004D13E5 /* ActivityIndicatorView.swift */ = {isa = PBXFileReference; lastKnownFileType = sourcecode.swift; path = ActivityIndicatorView.swift; sourceTree = "<group>"; };
/* End PBXFileReference section */

/* Begin PBXFrameworksBuildPhase section */
		D45E60FF2C6519AC00AC2883 /* Frameworks */ = {
			isa = PBXFrameworksBuildPhase;
			buildActionMask = 2147483647;
			files = (
			);
			runOnlyForDeploymentPostprocessing = 0;
		};
		D45E61112C6519AF00AC2883 /* Frameworks */ = {
			isa = PBXFrameworksBuildPhase;
			buildActionMask = 2147483647;
			files = (
			);
			runOnlyForDeploymentPostprocessing = 0;
		};
		D45E611B2C6519AF00AC2883 /* Frameworks */ = {
			isa = PBXFrameworksBuildPhase;
			buildActionMask = 2147483647;
			files = (
			);
			runOnlyForDeploymentPostprocessing = 0;
		};
/* End PBXFrameworksBuildPhase section */

/* Begin PBXGroup section */
		D45E60F92C6519AC00AC2883 = {
			isa = PBXGroup;
			children = (
				D45E61042C6519AC00AC2883 /* Currency Converter */,
				D45E61172C6519AF00AC2883 /* Currency ConverterTests */,
				D45E61032C6519AC00AC2883 /* Products */,
			);
			sourceTree = "<group>";
		};
		D45E61032C6519AC00AC2883 /* Products */ = {
			isa = PBXGroup;
			children = (
				D45E61022C6519AC00AC2883 /* Currency Converter.app */,
				D45E61142C6519AF00AC2883 /* Currency ConverterTests.xctest */,
				D45E611E2C6519AF00AC2883 /* Currency ConverterUITests.xctest */,
			);
			name = Products;
			sourceTree = "<group>";
		};
		D45E61042C6519AC00AC2883 /* Currency Converter */ = {
			isa = PBXGroup;
			children = (
				D46ABF612C654ECB00E025E7 /* App */,
				D46ABF4C2C651E6F00E025E7 /* Screens */,
				D46ABF4F2C651EAF00E025E7 /* ViewModel */,
				D46ABF5B2C654E2F00E025E7 /* Models */,
				D46ABF602C654EC000E025E7 /* Service */,
				D46ABF642C655C5A00E025E7 /* Utils */,
				D45E610B2C6519AE00AC2883 /* Assets.xcassets */,
				D45E610D2C6519AE00AC2883 /* Preview Content */,
			);
			path = "Currency Converter";
			sourceTree = "<group>";
		};
		D45E610D2C6519AE00AC2883 /* Preview Content */ = {
			isa = PBXGroup;
			children = (
				D45E610E2C6519AE00AC2883 /* Preview Assets.xcassets */,
			);
			path = "Preview Content";
			sourceTree = "<group>";
		};
		D45E61172C6519AF00AC2883 /* Currency ConverterTests */ = {
			isa = PBXGroup;
			children = (
				D45E61182C6519AF00AC2883 /* Currency_ConverterTests.swift */,
			);
			path = "Currency ConverterTests";
			sourceTree = "<group>";
		};
		D46ABF4C2C651E6F00E025E7 /* Screens */ = {
			isa = PBXGroup;
			children = (
				D46ABF4A2C651AED00E025E7 /* MainTabView.swift */,
				D46ABF7A2C66079200E025E7 /* Splash */,
				D46ABF4D2C651E7D00E025E7 /* Rates */,
				D46ABF4E2C651E8600E025E7 /* Converter */,
			);
			path = Screens;
			sourceTree = "<group>";
		};
		D46ABF4D2C651E7D00E025E7 /* Rates */ = {
			isa = PBXGroup;
			children = (
				D46ABF732C658BD500E025E7 /* Views */,
				D46ABF692C655E0500E025E7 /* RatesScreenView.swift */,
			);
			path = Rates;
			sourceTree = "<group>";
		};
		D46ABF4E2C651E8600E025E7 /* Converter */ = {
			isa = PBXGroup;
			children = (
				D46ABF542C654CB500E025E7 /* Views */,
				D46ABF522C6532EE00E025E7 /* ConverterScreenView.swift */,
			);
			path = Converter;
			sourceTree = "<group>";
		};
		D46ABF4F2C651EAF00E025E7 /* ViewModel */ = {
			isa = PBXGroup;
			children = (
				D46ABF502C651EC500E025E7 /* CurrencyConverterVM.swift */,
			);
			path = ViewModel;
			sourceTree = "<group>";
		};
		D46ABF542C654CB500E025E7 /* Views */ = {
			isa = PBXGroup;
			children = (
				D46ABF552C654CC300E025E7 /* AmountField.swift */,
				D46ABF572C654D0100E025E7 /* CoinPicker.swift */,
				D46ABF592C654D9500E025E7 /* CoinLabel.swift */,
				D46ABF782C658C4B00E025E7 /* LoaderButton.swift */,
			);
			path = Views;
			sourceTree = "<group>";
		};
		D46ABF5B2C654E2F00E025E7 /* Models */ = {
			isa = PBXGroup;
			children = (
				D46ABF5C2C654E4A00E025E7 /* CoinCode.swift */,
				D46ABF672C655D5100E025E7 /* FrankfurterResponse.swift */,
				D46ABF7F2C6615E800E025E7 /* Transaction.swift */,
			);
			path = Models;
			sourceTree = "<group>";
		};
		D46ABF602C654EC000E025E7 /* Service */ = {
			isa = PBXGroup;
			children = (
				D46ABF622C655C3C00E025E7 /* FrankfurterService.swift */,
			);
			path = Service;
			sourceTree = "<group>";
		};
		D46ABF612C654ECB00E025E7 /* App */ = {
			isa = PBXGroup;
			children = (
				D45E61052C6519AC00AC2883 /* Currency_ConverterApp.swift */,
				D46ABF7B2C6607C400E025E7 /* ViewCoordinator.swift */,
			);
			path = App;
			sourceTree = "<group>";
		};
		D46ABF642C655C5A00E025E7 /* Utils */ = {
			isa = PBXGroup;
			children = (
				D4EE39922C6A5D82004D13E5 /* Views */,
				D46ABF652C655C6D00E025E7 /* NetworkError.swift */,
				D46ABF6E2C6579A300E025E7 /* ApiConstants.swift */,
			);
			path = Utils;
			sourceTree = "<group>";
		};
		D46ABF732C658BD500E025E7 /* Views */ = {
			isa = PBXGroup;
			children = (
				D46ABF742C658BDE00E025E7 /* MainCoinView.swift */,
				D46ABF762C658C1300E025E7 /* SecundaryCoinView.swift */,
			);
			path = Views;
			sourceTree = "<group>";
		};
		D46ABF7A2C66079200E025E7 /* Splash */ = {
			isa = PBXGroup;
			children = (
				D46ABF7D2C66081400E025E7 /* SplashScreenView.swift */,
			);
			path = Splash;
			sourceTree = "<group>";
		};
		D4EE39922C6A5D82004D13E5 /* Views */ = {
			isa = PBXGroup;
			children = (
				D4EE39932C6A5D8A004D13E5 /* ActivityIndicatorView.swift */,
			);
			path = Views;
			sourceTree = "<group>";
		};
/* End PBXGroup section */

/* Begin PBXNativeTarget section */
		D45E61012C6519AC00AC2883 /* Currency Converter */ = {
			isa = PBXNativeTarget;
			buildConfigurationList = D45E61282C6519AF00AC2883 /* Build configuration list for PBXNativeTarget "Currency Converter" */;
			buildPhases = (
				D45E60FE2C6519AC00AC2883 /* Sources */,
				D45E60FF2C6519AC00AC2883 /* Frameworks */,
				D45E61002C6519AC00AC2883 /* Resources */,
			);
			buildRules = (
			);
			dependencies = (
			);
			name = "Currency Converter";
			packageProductDependencies = (
			);
			productName = "Currency Converter";
			productReference = D45E61022C6519AC00AC2883 /* Currency Converter.app */;
			productType = "com.apple.product-type.application";
		};
		D45E61132C6519AF00AC2883 /* Currency ConverterTests */ = {
			isa = PBXNativeTarget;
			buildConfigurationList = D45E612B2C6519AF00AC2883 /* Build configuration list for PBXNativeTarget "Currency ConverterTests" */;
			buildPhases = (
				D45E61102C6519AF00AC2883 /* Sources */,
				D45E61112C6519AF00AC2883 /* Frameworks */,
				D45E61122C6519AF00AC2883 /* Resources */,
			);
			buildRules = (
			);
			dependencies = (
				D45E61162C6519AF00AC2883 /* PBXTargetDependency */,
			);
			name = "Currency ConverterTests";
			productName = "Currency ConverterTests";
			productReference = D45E61142C6519AF00AC2883 /* Currency ConverterTests.xctest */;
			productType = "com.apple.product-type.bundle.unit-test";
		};
		D45E611D2C6519AF00AC2883 /* Currency ConverterUITests */ = {
			isa = PBXNativeTarget;
			buildConfigurationList = D45E612E2C6519AF00AC2883 /* Build configuration list for PBXNativeTarget "Currency ConverterUITests" */;
			buildPhases = (
				D45E611A2C6519AF00AC2883 /* Sources */,
				D45E611B2C6519AF00AC2883 /* Frameworks */,
				D45E611C2C6519AF00AC2883 /* Resources */,
			);
			buildRules = (
			);
			dependencies = (
				D45E61202C6519AF00AC2883 /* PBXTargetDependency */,
			);
			name = "Currency ConverterUITests";
			productName = "Currency ConverterUITests";
			productReference = D45E611E2C6519AF00AC2883 /* Currency ConverterUITests.xctest */;
			productType = "com.apple.product-type.bundle.ui-testing";
		};
/* End PBXNativeTarget section */

/* Begin PBXProject section */
		D45E60FA2C6519AC00AC2883 /* Project object */ = {
			isa = PBXProject;
			attributes = {
				BuildIndependentTargetsInParallel = 1;
				LastSwiftUpdateCheck = 1540;
				LastUpgradeCheck = 1540;
				TargetAttributes = {
					D45E61012C6519AC00AC2883 = {
						CreatedOnToolsVersion = 15.4;
					};
					D45E61132C6519AF00AC2883 = {
						CreatedOnToolsVersion = 15.4;
						TestTargetID = D45E61012C6519AC00AC2883;
					};
					D45E611D2C6519AF00AC2883 = {
						CreatedOnToolsVersion = 15.4;
						TestTargetID = D45E61012C6519AC00AC2883;
					};
				};
			};
			buildConfigurationList = D45E60FD2C6519AC00AC2883 /* Build configuration list for PBXProject "Currency Converter" */;
			compatibilityVersion = "Xcode 14.0";
			developmentRegion = en;
			hasScannedForEncodings = 0;
			knownRegions = (
				en,
				Base,
			);
			mainGroup = D45E60F92C6519AC00AC2883;
			packageReferences = (
			);
			productRefGroup = D45E61032C6519AC00AC2883 /* Products */;
			projectDirPath = "";
			projectRoot = "";
			targets = (
				D45E61012C6519AC00AC2883 /* Currency Converter */,
				D45E61132C6519AF00AC2883 /* Currency ConverterTests */,
				D45E611D2C6519AF00AC2883 /* Currency ConverterUITests */,
			);
		};
/* End PBXProject section */

/* Begin PBXResourcesBuildPhase section */
		D45E61002C6519AC00AC2883 /* Resources */ = {
			isa = PBXResourcesBuildPhase;
			buildActionMask = 2147483647;
			files = (
				D45E610F2C6519AE00AC2883 /* Preview Assets.xcassets in Resources */,
				D45E610C2C6519AE00AC2883 /* Assets.xcassets in Resources */,
			);
			runOnlyForDeploymentPostprocessing = 0;
		};
		D45E61122C6519AF00AC2883 /* Resources */ = {
			isa = PBXResourcesBuildPhase;
			buildActionMask = 2147483647;
			files = (
			);
			runOnlyForDeploymentPostprocessing = 0;
		};
		D45E611C2C6519AF00AC2883 /* Resources */ = {
			isa = PBXResourcesBuildPhase;
			buildActionMask = 2147483647;
			files = (
			);
			runOnlyForDeploymentPostprocessing = 0;
		};
/* End PBXResourcesBuildPhase section */

/* Begin PBXSourcesBuildPhase section */
		D45E60FE2C6519AC00AC2883 /* Sources */ = {
			isa = PBXSourcesBuildPhase;
			buildActionMask = 2147483647;
			files = (
				D46ABF7C2C6607C400E025E7 /* ViewCoordinator.swift in Sources */,
				D46ABF792C658C4B00E025E7 /* LoaderButton.swift in Sources */,
				D46ABF632C655C3C00E025E7 /* FrankfurterService.swift in Sources */,
				D46ABF512C651EC500E025E7 /* CurrencyConverterVM.swift in Sources */,
				D46ABF6F2C6579A300E025E7 /* ApiConstants.swift in Sources */,
				D46ABF562C654CC300E025E7 /* AmountField.swift in Sources */,
				D46ABF582C654D0100E025E7 /* CoinPicker.swift in Sources */,
				D46ABF7E2C66081400E025E7 /* SplashScreenView.swift in Sources */,
				D46ABF532C6532EE00E025E7 /* ConverterScreenView.swift in Sources */,
				D46ABF752C658BDE00E025E7 /* MainCoinView.swift in Sources */,
				D46ABF772C658C1300E025E7 /* SecundaryCoinView.swift in Sources */,
				D4EE39942C6A5D8A004D13E5 /* ActivityIndicatorView.swift in Sources */,
				D46ABF682C655D5100E025E7 /* FrankfurterResponse.swift in Sources */,
				D46ABF802C6615E800E025E7 /* Transaction.swift in Sources */,
				D45E61062C6519AC00AC2883 /* Currency_ConverterApp.swift in Sources */,
				D46ABF4B2C651AED00E025E7 /* MainTabView.swift in Sources */,
				D46ABF6A2C655E0500E025E7 /* RatesScreenView.swift in Sources */,
				D46ABF662C655C6D00E025E7 /* NetworkError.swift in Sources */,
				D46ABF5A2C654D9500E025E7 /* CoinLabel.swift in Sources */,
				D46ABF5D2C654E4A00E025E7 /* CoinCode.swift in Sources */,
			);
			runOnlyForDeploymentPostprocessing = 0;
		};
		D45E61102C6519AF00AC2883 /* Sources */ = {
			isa = PBXSourcesBuildPhase;
			buildActionMask = 2147483647;
			files = (
				D45E61192C6519AF00AC2883 /* Currency_ConverterTests.swift in Sources */,
			);
			runOnlyForDeploymentPostprocessing = 0;
		};
		D45E611A2C6519AF00AC2883 /* Sources */ = {
			isa = PBXSourcesBuildPhase;
			buildActionMask = 2147483647;
			files = (
			);
			runOnlyForDeploymentPostprocessing = 0;
		};
/* End PBXSourcesBuildPhase section */

/* Begin PBXTargetDependency section */
		D45E61162C6519AF00AC2883 /* PBXTargetDependency */ = {
			isa = PBXTargetDependency;
			target = D45E61012C6519AC00AC2883 /* Currency Converter */;
			targetProxy = D45E61152C6519AF00AC2883 /* PBXContainerItemProxy */;
		};
		D45E61202C6519AF00AC2883 /* PBXTargetDependency */ = {
			isa = PBXTargetDependency;
			target = D45E61012C6519AC00AC2883 /* Currency Converter */;
			targetProxy = D45E611F2C6519AF00AC2883 /* PBXContainerItemProxy */;
		};
/* End PBXTargetDependency section */

/* Begin XCBuildConfiguration section */
		D45E61262C6519AF00AC2883 /* Debug */ = {
			isa = XCBuildConfiguration;
			buildSettings = {
				ALWAYS_SEARCH_USER_PATHS = NO;
				ASSETCATALOG_COMPILER_GENERATE_SWIFT_ASSET_SYMBOL_EXTENSIONS = YES;
				CLANG_ANALYZER_NONNULL = YES;
				CLANG_ANALYZER_NUMBER_OBJECT_CONVERSION = YES_AGGRESSIVE;
				CLANG_CXX_LANGUAGE_STANDARD = "gnu++20";
				CLANG_ENABLE_MODULES = YES;
				CLANG_ENABLE_OBJC_ARC = YES;
				CLANG_ENABLE_OBJC_WEAK = YES;
				CLANG_WARN_BLOCK_CAPTURE_AUTORELEASING = YES;
				CLANG_WARN_BOOL_CONVERSION = YES;
				CLANG_WARN_COMMA = YES;
				CLANG_WARN_CONSTANT_CONVERSION = YES;
				CLANG_WARN_DEPRECATED_OBJC_IMPLEMENTATIONS = YES;
				CLANG_WARN_DIRECT_OBJC_ISA_USAGE = YES_ERROR;
				CLANG_WARN_DOCUMENTATION_COMMENTS = YES;
				CLANG_WARN_EMPTY_BODY = YES;
				CLANG_WARN_ENUM_CONVERSION = YES;
				CLANG_WARN_INFINITE_RECURSION = YES;
				CLANG_WARN_INT_CONVERSION = YES;
				CLANG_WARN_NON_LITERAL_NULL_CONVERSION = YES;
				CLANG_WARN_OBJC_IMPLICIT_RETAIN_SELF = YES;
				CLANG_WARN_OBJC_LITERAL_CONVERSION = YES;
				CLANG_WARN_OBJC_ROOT_CLASS = YES_ERROR;
				CLANG_WARN_QUOTED_INCLUDE_IN_FRAMEWORK_HEADER = YES;
				CLANG_WARN_RANGE_LOOP_ANALYSIS = YES;
				CLANG_WARN_STRICT_PROTOTYPES = YES;
				CLANG_WARN_SUSPICIOUS_MOVE = YES;
				CLANG_WARN_UNGUARDED_AVAILABILITY = YES_AGGRESSIVE;
				CLANG_WARN_UNREACHABLE_CODE = YES;
				CLANG_WARN__DUPLICATE_METHOD_MATCH = YES;
				COPY_PHASE_STRIP = NO;
				DEBUG_INFORMATION_FORMAT = dwarf;
				ENABLE_STRICT_OBJC_MSGSEND = YES;
				ENABLE_TESTABILITY = YES;
				ENABLE_USER_SCRIPT_SANDBOXING = YES;
				GCC_C_LANGUAGE_STANDARD = gnu17;
				GCC_DYNAMIC_NO_PIC = NO;
				GCC_NO_COMMON_BLOCKS = YES;
				GCC_OPTIMIZATION_LEVEL = 0;
				GCC_PREPROCESSOR_DEFINITIONS = (
					"DEBUG=1",
					"$(inherited)",
				);
				GCC_WARN_64_TO_32_BIT_CONVERSION = YES;
				GCC_WARN_ABOUT_RETURN_TYPE = YES_ERROR;
				GCC_WARN_UNDECLARED_SELECTOR = YES;
				GCC_WARN_UNINITIALIZED_AUTOS = YES_AGGRESSIVE;
				GCC_WARN_UNUSED_FUNCTION = YES;
				GCC_WARN_UNUSED_VARIABLE = YES;
				IPHONEOS_DEPLOYMENT_TARGET = 17.5;
				LOCALIZATION_PREFERS_STRING_CATALOGS = YES;
				MTL_ENABLE_DEBUG_INFO = INCLUDE_SOURCE;
				MTL_FAST_MATH = YES;
				ONLY_ACTIVE_ARCH = YES;
				SDKROOT = iphoneos;
				SWIFT_ACTIVE_COMPILATION_CONDITIONS = "DEBUG $(inherited)";
				SWIFT_OPTIMIZATION_LEVEL = "-Onone";
			};
			name = Debug;
		};
		D45E61272C6519AF00AC2883 /* Release */ = {
			isa = XCBuildConfiguration;
			buildSettings = {
				ALWAYS_SEARCH_USER_PATHS = NO;
				ASSETCATALOG_COMPILER_GENERATE_SWIFT_ASSET_SYMBOL_EXTENSIONS = YES;
				CLANG_ANALYZER_NONNULL = YES;
				CLANG_ANALYZER_NUMBER_OBJECT_CONVERSION = YES_AGGRESSIVE;
				CLANG_CXX_LANGUAGE_STANDARD = "gnu++20";
				CLANG_ENABLE_MODULES = YES;
				CLANG_ENABLE_OBJC_ARC = YES;
				CLANG_ENABLE_OBJC_WEAK = YES;
				CLANG_WARN_BLOCK_CAPTURE_AUTORELEASING = YES;
				CLANG_WARN_BOOL_CONVERSION = YES;
				CLANG_WARN_COMMA = YES;
				CLANG_WARN_CONSTANT_CONVERSION = YES;
				CLANG_WARN_DEPRECATED_OBJC_IMPLEMENTATIONS = YES;
				CLANG_WARN_DIRECT_OBJC_ISA_USAGE = YES_ERROR;
				CLANG_WARN_DOCUMENTATION_COMMENTS = YES;
				CLANG_WARN_EMPTY_BODY = YES;
				CLANG_WARN_ENUM_CONVERSION = YES;
				CLANG_WARN_INFINITE_RECURSION = YES;
				CLANG_WARN_INT_CONVERSION = YES;
				CLANG_WARN_NON_LITERAL_NULL_CONVERSION = YES;
				CLANG_WARN_OBJC_IMPLICIT_RETAIN_SELF = YES;
				CLANG_WARN_OBJC_LITERAL_CONVERSION = YES;
				CLANG_WARN_OBJC_ROOT_CLASS = YES_ERROR;
				CLANG_WARN_QUOTED_INCLUDE_IN_FRAMEWORK_HEADER = YES;
				CLANG_WARN_RANGE_LOOP_ANALYSIS = YES;
				CLANG_WARN_STRICT_PROTOTYPES = YES;
				CLANG_WARN_SUSPICIOUS_MOVE = YES;
				CLANG_WARN_UNGUARDED_AVAILABILITY = YES_AGGRESSIVE;
				CLANG_WARN_UNREACHABLE_CODE = YES;
				CLANG_WARN__DUPLICATE_METHOD_MATCH = YES;
				COPY_PHASE_STRIP = NO;
				DEBUG_INFORMATION_FORMAT = "dwarf-with-dsym";
				ENABLE_NS_ASSERTIONS = NO;
				ENABLE_STRICT_OBJC_MSGSEND = YES;
				ENABLE_USER_SCRIPT_SANDBOXING = YES;
				GCC_C_LANGUAGE_STANDARD = gnu17;
				GCC_NO_COMMON_BLOCKS = YES;
				GCC_WARN_64_TO_32_BIT_CONVERSION = YES;
				GCC_WARN_ABOUT_RETURN_TYPE = YES_ERROR;
				GCC_WARN_UNDECLARED_SELECTOR = YES;
				GCC_WARN_UNINITIALIZED_AUTOS = YES_AGGRESSIVE;
				GCC_WARN_UNUSED_FUNCTION = YES;
				GCC_WARN_UNUSED_VARIABLE = YES;
				IPHONEOS_DEPLOYMENT_TARGET = 17.5;
				LOCALIZATION_PREFERS_STRING_CATALOGS = YES;
				MTL_ENABLE_DEBUG_INFO = NO;
				MTL_FAST_MATH = YES;
				SDKROOT = iphoneos;
				SWIFT_COMPILATION_MODE = wholemodule;
				VALIDATE_PRODUCT = YES;
			};
			name = Release;
		};
		D45E61292C6519AF00AC2883 /* Debug */ = {
			isa = XCBuildConfiguration;
			buildSettings = {
				ASSETCATALOG_COMPILER_APPICON_NAME = AppIcon;
				ASSETCATALOG_COMPILER_GLOBAL_ACCENT_COLOR_NAME = AccentColor;
				CODE_SIGN_STYLE = Automatic;
				CURRENT_PROJECT_VERSION = 1;
				DEVELOPMENT_ASSET_PATHS = "\"Currency Converter/Preview Content\"";
				DEVELOPMENT_TEAM = 5CSC8SG2GH;
				ENABLE_PREVIEWS = YES;
				GENERATE_INFOPLIST_FILE = YES;
				INFOPLIST_KEY_UIApplicationSceneManifest_Generation = YES;
				INFOPLIST_KEY_UIApplicationSupportsIndirectInputEvents = YES;
				INFOPLIST_KEY_UILaunchScreen_Generation = YES;
				INFOPLIST_KEY_UISupportedInterfaceOrientations_iPad = "UIInterfaceOrientationPortrait UIInterfaceOrientationPortraitUpsideDown UIInterfaceOrientationLandscapeLeft UIInterfaceOrientationLandscapeRight";
				INFOPLIST_KEY_UISupportedInterfaceOrientations_iPhone = "UIInterfaceOrientationPortrait UIInterfaceOrientationLandscapeLeft UIInterfaceOrientationLandscapeRight";
				LD_RUNPATH_SEARCH_PATHS = (
					"$(inherited)",
					"@executable_path/Frameworks",
				);
				MARKETING_VERSION = 1.0;
				PRODUCT_BUNDLE_IDENTIFIER = "com.ramos.filipe.Currency-Converter";
				PRODUCT_NAME = "$(TARGET_NAME)";
				SWIFT_EMIT_LOC_STRINGS = YES;
				SWIFT_VERSION = 5.0;
				TARGETED_DEVICE_FAMILY = "1,2";
			};
			name = Debug;
		};
		D45E612A2C6519AF00AC2883 /* Release */ = {
			isa = XCBuildConfiguration;
			buildSettings = {
				ASSETCATALOG_COMPILER_APPICON_NAME = AppIcon;
				ASSETCATALOG_COMPILER_GLOBAL_ACCENT_COLOR_NAME = AccentColor;
				CODE_SIGN_STYLE = Automatic;
				CURRENT_PROJECT_VERSION = 1;
				DEVELOPMENT_ASSET_PATHS = "\"Currency Converter/Preview Content\"";
				DEVELOPMENT_TEAM = 5CSC8SG2GH;
				ENABLE_PREVIEWS = YES;
				GENERATE_INFOPLIST_FILE = YES;
				INFOPLIST_KEY_UIApplicationSceneManifest_Generation = YES;
				INFOPLIST_KEY_UIApplicationSupportsIndirectInputEvents = YES;
				INFOPLIST_KEY_UILaunchScreen_Generation = YES;
				INFOPLIST_KEY_UISupportedInterfaceOrientations_iPad = "UIInterfaceOrientationPortrait UIInterfaceOrientationPortraitUpsideDown UIInterfaceOrientationLandscapeLeft UIInterfaceOrientationLandscapeRight";
				INFOPLIST_KEY_UISupportedInterfaceOrientations_iPhone = "UIInterfaceOrientationPortrait UIInterfaceOrientationLandscapeLeft UIInterfaceOrientationLandscapeRight";
				LD_RUNPATH_SEARCH_PATHS = (
					"$(inherited)",
					"@executable_path/Frameworks",
				);
				MARKETING_VERSION = 1.0;
				PRODUCT_BUNDLE_IDENTIFIER = "com.ramos.filipe.Currency-Converter";
				PRODUCT_NAME = "$(TARGET_NAME)";
				SWIFT_EMIT_LOC_STRINGS = YES;
				SWIFT_VERSION = 5.0;
				TARGETED_DEVICE_FAMILY = "1,2";
			};
			name = Release;
		};
		D45E612C2C6519AF00AC2883 /* Debug */ = {
			isa = XCBuildConfiguration;
			buildSettings = {
				ALWAYS_EMBED_SWIFT_STANDARD_LIBRARIES = YES;
				BUNDLE_LOADER = "$(TEST_HOST)";
				CODE_SIGN_STYLE = Automatic;
				CURRENT_PROJECT_VERSION = 1;
				DEVELOPMENT_TEAM = 5CSC8SG2GH;
				GENERATE_INFOPLIST_FILE = YES;
				IPHONEOS_DEPLOYMENT_TARGET = 17.5;
				MARKETING_VERSION = 1.0;
				PRODUCT_BUNDLE_IDENTIFIER = "com.ramos.filipe.Currency-ConverterTests";
				PRODUCT_NAME = "$(TARGET_NAME)";
				SWIFT_EMIT_LOC_STRINGS = NO;
				SWIFT_VERSION = 5.0;
				TARGETED_DEVICE_FAMILY = "1,2";
				TEST_HOST = "$(BUILT_PRODUCTS_DIR)/Currency Converter.app/$(BUNDLE_EXECUTABLE_FOLDER_PATH)/Currency Converter";
			};
			name = Debug;
		};
		D45E612D2C6519AF00AC2883 /* Release */ = {
			isa = XCBuildConfiguration;
			buildSettings = {
				ALWAYS_EMBED_SWIFT_STANDARD_LIBRARIES = YES;
				BUNDLE_LOADER = "$(TEST_HOST)";
				CODE_SIGN_STYLE = Automatic;
				CURRENT_PROJECT_VERSION = 1;
				DEVELOPMENT_TEAM = 5CSC8SG2GH;
				GENERATE_INFOPLIST_FILE = YES;
				IPHONEOS_DEPLOYMENT_TARGET = 17.5;
				MARKETING_VERSION = 1.0;
				PRODUCT_BUNDLE_IDENTIFIER = "com.ramos.filipe.Currency-ConverterTests";
				PRODUCT_NAME = "$(TARGET_NAME)";
				SWIFT_EMIT_LOC_STRINGS = NO;
				SWIFT_VERSION = 5.0;
				TARGETED_DEVICE_FAMILY = "1,2";
				TEST_HOST = "$(BUILT_PRODUCTS_DIR)/Currency Converter.app/$(BUNDLE_EXECUTABLE_FOLDER_PATH)/Currency Converter";
			};
			name = Release;
		};
		D45E612F2C6519AF00AC2883 /* Debug */ = {
			isa = XCBuildConfiguration;
			buildSettings = {
				ALWAYS_EMBED_SWIFT_STANDARD_LIBRARIES = YES;
				CODE_SIGN_STYLE = Automatic;
				CURRENT_PROJECT_VERSION = 1;
				DEVELOPMENT_TEAM = 5CSC8SG2GH;
				GENERATE_INFOPLIST_FILE = YES;
				MARKETING_VERSION = 1.0;
				PRODUCT_BUNDLE_IDENTIFIER = "com.ramos.filipe.Currency-ConverterUITests";
				PRODUCT_NAME = "$(TARGET_NAME)";
				SWIFT_EMIT_LOC_STRINGS = NO;
				SWIFT_VERSION = 5.0;
				TARGETED_DEVICE_FAMILY = "1,2";
				TEST_TARGET_NAME = "Currency Converter";
			};
			name = Debug;
		};
		D45E61302C6519AF00AC2883 /* Release */ = {
			isa = XCBuildConfiguration;
			buildSettings = {
				ALWAYS_EMBED_SWIFT_STANDARD_LIBRARIES = YES;
				CODE_SIGN_STYLE = Automatic;
				CURRENT_PROJECT_VERSION = 1;
				DEVELOPMENT_TEAM = 5CSC8SG2GH;
				GENERATE_INFOPLIST_FILE = YES;
				MARKETING_VERSION = 1.0;
				PRODUCT_BUNDLE_IDENTIFIER = "com.ramos.filipe.Currency-ConverterUITests";
				PRODUCT_NAME = "$(TARGET_NAME)";
				SWIFT_EMIT_LOC_STRINGS = NO;
				SWIFT_VERSION = 5.0;
				TARGETED_DEVICE_FAMILY = "1,2";
				TEST_TARGET_NAME = "Currency Converter";
			};
			name = Release;
		};
/* End XCBuildConfiguration section */

/* Begin XCConfigurationList section */
		D45E60FD2C6519AC00AC2883 /* Build configuration list for PBXProject "Currency Converter" */ = {
			isa = XCConfigurationList;
			buildConfigurations = (
				D45E61262C6519AF00AC2883 /* Debug */,
				D45E61272C6519AF00AC2883 /* Release */,
			);
			defaultConfigurationIsVisible = 0;
			defaultConfigurationName = Release;
		};
		D45E61282C6519AF00AC2883 /* Build configuration list for PBXNativeTarget "Currency Converter" */ = {
			isa = XCConfigurationList;
			buildConfigurations = (
				D45E61292C6519AF00AC2883 /* Debug */,
				D45E612A2C6519AF00AC2883 /* Release */,
			);
			defaultConfigurationIsVisible = 0;
			defaultConfigurationName = Release;
		};
		D45E612B2C6519AF00AC2883 /* Build configuration list for PBXNativeTarget "Currency ConverterTests" */ = {
			isa = XCConfigurationList;
			buildConfigurations = (
				D45E612C2C6519AF00AC2883 /* Debug */,
				D45E612D2C6519AF00AC2883 /* Release */,
			);
			defaultConfigurationIsVisible = 0;
			defaultConfigurationName = Release;
		};
		D45E612E2C6519AF00AC2883 /* Build configuration list for PBXNativeTarget "Currency ConverterUITests" */ = {
			isa = XCConfigurationList;
			buildConfigurations = (
				D45E612F2C6519AF00AC2883 /* Debug */,
				D45E61302C6519AF00AC2883 /* Release */,
			);
			defaultConfigurationIsVisible = 0;
			defaultConfigurationName = Release;
		};
/* End XCConfigurationList section */
	};
	rootObject = D45E60FA2C6519AC00AC2883 /* Project object */;
}
